
Microsoft Visual Studio Solution File, Format Version 12.00
# Visual Studio Version 16
VisualStudioVersion = 16.0.29806.167
MinimumVisualStudioVersion = 10.0.40219.1
Project("{FAE04EC0-301F-11D3-BF4B-00C04F79EFBC}") = "GamerShop v1.0", "GamerShop v1.0\GamerShop v1.0.csproj", "{4D08A43A-56B4-4AF0-8414-90505029982D}"
EndProject
Global
	GlobalSection(SolutionConfigurationPlatforms) = preSolution
		Debug|Any CPU = Debug|Any CPU
		Release|Any CPU = Release|Any CPU
	EndGlobalSection
	GlobalSection(ProjectConfigurationPlatforms) = postSolution
		{4D08A43A-56B4-4AF0-8414-90505029982D}.Debug|Any CPU.ActiveCfg = Debug|Any CPU
		{4D08A43A-56B4-4AF0-8414-90505029982D}.Debug|Any CPU.Build.0 = Debug|Any CPU
		{4D08A43A-56B4-4AF0-8414-90505029982D}.Release|Any CPU.ActiveCfg = Release|Any CPU
		{4D08A43A-56B4-4AF0-8414-90505029982D}.Release|Any CPU.Build.0 = Release|Any CPU
	EndGlobalSection
	GlobalSection(SolutionProperties) = preSolution
		HideSolutionNode = FALSE
	EndGlobalSection
	GlobalSection(ExtensibilityGlobals) = postSolution
		SolutionGuid = {FF4F7579-0D6B-4F1B-8BFE-CF5D13A71932}
	EndGlobalSection
EndGlobal
